
Microsoft Visual Studio Solution File, Format Version 12.00
# Visual Studio Version 17
VisualStudioVersion = 17.5.33414.496
MinimumVisualStudioVersion = 10.0.40219.1
Project("{FAE04EC0-301F-11D3-BF4B-00C04F79EFBC}") = "TerevintoSoftware.AadAppRegistry.Tool", "TerevintoSoftware.AadAppRegistry.Tool\TerevintoSoftware.AadAppRegistry.Tool.csproj", "{D2CC8FC6-4D38-485D-A28F-F8EB56FDBD5C}"
EndProject
Global
	GlobalSection(SolutionConfigurationPlatforms) = preSolution
		Debug|Any CPU = Debug|Any CPU
		Release|Any CPU = Release|Any CPU
	EndGlobalSection
	GlobalSection(ProjectConfigurationPlatforms) = postSolution
		{D2CC8FC6-4D38-485D-A28F-F8EB56FDBD5C}.Debug|Any CPU.ActiveCfg = Debug|Any CPU
		{D2CC8FC6-4D38-485D-A28F-F8EB56FDBD5C}.Debug|Any CPU.Build.0 = Debug|Any CPU
		{D2CC8FC6-4D38-485D-A28F-F8EB56FDBD5C}.Release|Any CPU.ActiveCfg = Release|Any CPU
		{D2CC8FC6-4D38-485D-A28F-F8EB56FDBD5C}.Release|Any CPU.Build.0 = Release|Any CPU
	EndGlobalSection
	GlobalSection(SolutionProperties) = preSolution
		HideSolutionNode = FALSE
	EndGlobalSection
	GlobalSection(ExtensibilityGlobals) = postSolution
		SolutionGuid = {31F72726-66DE-4820-AFAB-82A1C5635C0D}
	EndGlobalSection
EndGlobal
